
Microsoft Visual Studio Solution File, Format Version 12.00
# Visual Studio Version 17
VisualStudioVersion = 17.13.35806.99
MinimumVisualStudioVersion = 10.0.40219.1
Project("{FAE04EC0-301F-11D3-BF4B-00C04F79EFBC}") = "PompeiiNovenaCalendar", "PompeiiNovenaCalendar.csproj", "{1A645EDB-633D-4E86-BC38-7A3694101F0B}"
EndProject
Project("{FAE04EC0-301F-11D3-BF4B-00C04F79EFBC}") = "PompeiiNovenaCalendar.Presentation", "..\PompeiiNovenaCalendar.Presentation\PompeiiNovenaCalendar.Presentation.csproj", "{E6DCB9D0-501C-430C-89E9-CF26FA047443}"
EndProject
Project("{FAE04EC0-301F-11D3-BF4B-00C04F79EFBC}") = "PompeiiNovenaCalendar.Domain", "..\PompeiiNovenaCalendar.Domain\PompeiiNovenaCalendar.Domain.csproj", "{C69EC23C-FED6-439D-BF06-C9991A059C12}"
EndProject
Project("{FAE04EC0-301F-11D3-BF4B-00C04F79EFBC}") = "PompeiiNovenaCalendar.Infrastructure", "..\PompeiiNovenaCalendar.Infrastructure\PompeiiNovenaCalendar.Infrastructure.csproj", "{C51DE0DE-99E5-49AB-ACF6-E6998DEB1236}"
EndProject
Project("{FAE04EC0-301F-11D3-BF4B-00C04F79EFBC}") = "PompeiiNovenaCalendar.Shared", "..\PompeiiNovenaCalendar.Shared\PompeiiNovenaCalendar.Shared.csproj", "{CFFB3A23-09C6-4515-9685-CF5AF934BCEB}"
EndProject
Project("{FAE04EC0-301F-11D3-BF4B-00C04F79EFBC}") = "PompeiiNovenaCalendar.Application", "..\PompeiiNovenaCalendar.Application\PompeiiNovenaCalendar.Application.csproj", "{D0B77F10-CA49-4121-8128-EFF7B545F2AE}"
EndProject
Global
	GlobalSection(SolutionConfigurationPlatforms) = preSolution
		Debug|Any CPU = Debug|Any CPU
		Release|Any CPU = Release|Any CPU
	EndGlobalSection
	GlobalSection(ProjectConfigurationPlatforms) = postSolution
		{1A645EDB-633D-4E86-BC38-7A3694101F0B}.Debug|Any CPU.ActiveCfg = Debug|Any CPU
		{1A645EDB-633D-4E86-BC38-7A3694101F0B}.Debug|Any CPU.Build.0 = Debug|Any CPU
		{1A645EDB-633D-4E86-BC38-7A3694101F0B}.Debug|Any CPU.Deploy.0 = Debug|Any CPU
		{1A645EDB-633D-4E86-BC38-7A3694101F0B}.Release|Any CPU.ActiveCfg = Release|Any CPU
		{1A645EDB-633D-4E86-BC38-7A3694101F0B}.Release|Any CPU.Build.0 = Release|Any CPU
		{1A645EDB-633D-4E86-BC38-7A3694101F0B}.Release|Any CPU.Deploy.0 = Release|Any CPU
		{E6DCB9D0-501C-430C-89E9-CF26FA047443}.Debug|Any CPU.ActiveCfg = Debug|Any CPU
		{E6DCB9D0-501C-430C-89E9-CF26FA047443}.Debug|Any CPU.Build.0 = Debug|Any CPU
		{E6DCB9D0-501C-430C-89E9-CF26FA047443}.Release|Any CPU.ActiveCfg = Release|Any CPU
		{E6DCB9D0-501C-430C-89E9-CF26FA047443}.Release|Any CPU.Build.0 = Release|Any CPU
		{C69EC23C-FED6-439D-BF06-C9991A059C12}.Debug|Any CPU.ActiveCfg = Debug|Any CPU
		{C69EC23C-FED6-439D-BF06-C9991A059C12}.Debug|Any CPU.Build.0 = Debug|Any CPU
		{C69EC23C-FED6-439D-BF06-C9991A059C12}.Release|Any CPU.ActiveCfg = Release|Any CPU
		{C69EC23C-FED6-439D-BF06-C9991A059C12}.Release|Any CPU.Build.0 = Release|Any CPU
		{C51DE0DE-99E5-49AB-ACF6-E6998DEB1236}.Debug|Any CPU.ActiveCfg = Debug|Any CPU
		{C51DE0DE-99E5-49AB-ACF6-E6998DEB1236}.Debug|Any CPU.Build.0 = Debug|Any CPU
		{C51DE0DE-99E5-49AB-ACF6-E6998DEB1236}.Release|Any CPU.ActiveCfg = Release|Any CPU
		{C51DE0DE-99E5-49AB-ACF6-E6998DEB1236}.Release|Any CPU.Build.0 = Release|Any CPU
		{CFFB3A23-09C6-4515-9685-CF5AF934BCEB}.Debug|Any CPU.ActiveCfg = Debug|Any CPU
		{CFFB3A23-09C6-4515-9685-CF5AF934BCEB}.Debug|Any CPU.Build.0 = Debug|Any CPU
		{CFFB3A23-09C6-4515-9685-CF5AF934BCEB}.Release|Any CPU.ActiveCfg = Release|Any CPU
		{CFFB3A23-09C6-4515-9685-CF5AF934BCEB}.Release|Any CPU.Build.0 = Release|Any CPU
		{D0B77F10-CA49-4121-8128-EFF7B545F2AE}.Debug|Any CPU.ActiveCfg = Debug|Any CPU
		{D0B77F10-CA49-4121-8128-EFF7B545F2AE}.Debug|Any CPU.Build.0 = Debug|Any CPU
		{D0B77F10-CA49-4121-8128-EFF7B545F2AE}.Release|Any CPU.ActiveCfg = Release|Any CPU
		{D0B77F10-CA49-4121-8128-EFF7B545F2AE}.Release|Any CPU.Build.0 = Release|Any CPU
	EndGlobalSection
	GlobalSection(SolutionProperties) = preSolution
		HideSolutionNode = FALSE
	EndGlobalSection
	GlobalSection(ExtensibilityGlobals) = postSolution
		SolutionGuid = {6B021BB3-5303-4401-A270-45400C2FBA15}
	EndGlobalSection
EndGlobal
